<?xml version="1.0" encoding="utf-8"?>
<Project ToolsVersion="4.0" xmlns="http://schemas.microsoft.com/developer/msbuild/2003">
  <ItemGroup>
    <Filter Include="소스 파일">
      <UniqueIdentifier>{4FC737F1-C7A5-4376-A066-2A32D752A2FF}</UniqueIdentifier>
      <Extensions>cpp;c;cc;cxx;def;odl;idl;hpj;bat;asm;asmx</Extensions>
    </Filter>
    <Filter Include="헤더 파일">
      <UniqueIdentifier>{93995380-89BD-4b04-88EB-625FBE52EBFB}</UniqueIdentifier>
      <Extensions>h;hh;hpp;hxx;hm;inl;inc;xsd</Extensions>
    </Filter>
    <Filter Include="리소스 파일">
      <UniqueIdentifier>{67DA6AB6-F800-4c08-8B7A-83BB121AAD01}</UniqueIdentifier>
      <Extensions>rc;ico;cur;bmp;dlg;rc2;rct;bin;rgs;gif;jpg;jpeg;jpe;resx;tiff;tif;png;wav;mfcribbon-ms</Extensions>
    </Filter>
    <Filter Include="Scene">
      <UniqueIdentifier>{64a3e9ae-0b13-4f0d-8f45-105d0cf2870c}</UniqueIdentifier>
    </Filter>
    <Filter Include="Framework">
      <UniqueIdentifier>{c4ea6dca-6692-4b21-9818-1b5c7233c91b}</UniqueIdentifier>
    </Filter>
    <Filter Include="Scene\Main">
      <UniqueIdentifier>{de7d5740-9994-4700-85fb-b2f3b06a757e}</UniqueIdentifier>
    </Filter>
    <Filter Include="Scene\Title">
      <UniqueIdentifier>{f3b4f74a-d7ad-43fe-a7c0-09e1a3dd75c0}</UniqueIdentifier>
    </Filter>
    <Filter Include="Object">
      <UniqueIdentifier>{cb6c9f3d-cd38-4de6-be0a-ef6babd9c02f}</UniqueIdentifier>
    </Filter>
    <Filter Include="Object\Block">
      <UniqueIdentifier>{146ee916-6df9-4eaa-be77-1327eb2da34c}</UniqueIdentifier>
    </Filter>
    <Filter Include="Object\Player">
      <UniqueIdentifier>{dcb67a5e-0d41-4182-bdb8-e268d2807799}</UniqueIdentifier>
    </Filter>
    <Filter Include="Object\Wall">
      <UniqueIdentifier>{a85cbc82-b1d5-44d8-93b3-f19bb3f772c9}</UniqueIdentifier>
    </Filter>
    <Filter Include="Object\Mush">
      <UniqueIdentifier>{7c1ca4f2-7dbc-4a10-ae28-661f78f9ef39}</UniqueIdentifier>
    </Filter>
    <Filter Include="Object\Player\Render">
      <UniqueIdentifier>{f7f2e862-fe79-48a0-8611-09d61e42e17f}</UniqueIdentifier>
    </Filter>
    <Filter Include="Object\Wall\Texture">
      <UniqueIdentifier>{ce7baddb-f938-4f9e-914b-457464926dec}</UniqueIdentifier>
    </Filter>
    <Filter Include="Scene\Logo">
      <UniqueIdentifier>{4fdba4df-fc15-4248-93e7-d878fc3b8fe9}</UniqueIdentifier>
    </Filter>
    <Filter Include="Resource">
      <UniqueIdentifier>{956e2e36-6eeb-403a-b8d3-113573c1ab5d}</UniqueIdentifier>
    </Filter>
  </ItemGroup>
  <ItemGroup>
    <ClCompile Include="main.cpp">
      <Filter>소스 파일</Filter>
    </ClCompile>
    <ClCompile Include="Scene.cpp">
      <Filter>Scene</Filter>
    </ClCompile>
    <ClCompile Include="GLFramework.cpp">
      <Filter>Framework</Filter>
    </ClCompile>
    <ClCompile Include="MainGameScene.cpp">
      <Filter>Scene\Main</Filter>
    </ClCompile>
    <ClCompile Include="TitleScene.cpp">
      <Filter>Scene\Title</Filter>
    </ClCompile>
    <ClCompile Include="Camera.cpp">
      <Filter>소스 파일</Filter>
    </ClCompile>
    <ClCompile Include="TextureLib.cpp">
      <Filter>소스 파일</Filter>
    </ClCompile>
    <ClCompile Include="block.cpp">
      <Filter>Object\Block</Filter>
    </ClCompile>
    <ClCompile Include="Player.cpp">
      <Filter>Object\Player</Filter>
    </ClCompile>
    <ClCompile Include="Stage.cpp">
      <Filter>소스 파일</Filter>
    </ClCompile>
    <ClCompile Include="Mush.cpp">
      <Filter>Object\Mush</Filter>
    </ClCompile>
    <ClCompile Include="Wall.cpp">
      <Filter>Object\Wall</Filter>
    </ClCompile>
    <ClCompile Include="Mrender.cpp">
      <Filter>소스 파일</Filter>
    </ClCompile>
    <ClCompile Include="TextureLoad.cpp">
      <Filter>소스 파일</Filter>
    </ClCompile>
    <ClCompile Include="Drender.cpp">
      <Filter>소스 파일</Filter>
    </ClCompile>
  </ItemGroup>
  <ItemGroup>
    <ClInclude Include="stdafx.h">
      <Filter>헤더 파일</Filter>
    </ClInclude>
    <ClInclude Include="Scene.h">
      <Filter>Scene</Filter>
    </ClInclude>
    <ClInclude Include="GLFramework.h">
      <Filter>Framework</Filter>
    </ClInclude>
    <ClInclude Include="MainGameScene.h">
      <Filter>Scene\Main</Filter>
    </ClInclude>
    <ClInclude Include="TitleScene.h">
      <Filter>Scene\Title</Filter>
    </ClInclude>
    <ClInclude Include="Camera.h">
      <Filter>헤더 파일</Filter>
    </ClInclude>
    <ClInclude Include="block.h">
      <Filter>Object\Block</Filter>
    </ClInclude>
    <ClInclude Include="Player.h">
      <Filter>Object\Player</Filter>
    </ClInclude>
    <ClInclude Include="Stage.h">
      <Filter>헤더 파일</Filter>
    </ClInclude>
    <ClInclude Include="Mush.h">
      <Filter>Object\Mush</Filter>
    </ClInclude>
    <ClInclude Include="Wall.h">
      <Filter>Object\Wall</Filter>
    </ClInclude>
    <ClInclude Include="GlobalDefine.h">
      <Filter>헤더 파일</Filter>
    </ClInclude>
    <ClInclude Include="GetTexture.h">
      <Filter>Object\Wall\Texture</Filter>
    </ClInclude>
    <ClInclude Include="Mrender.h">
      <Filter>헤더 파일</Filter>
    </ClInclude>
    <ClInclude Include="TextureLoad.h">
      <Filter>헤더 파일</Filter>
    </ClInclude>
    <ClInclude Include="TextureLib.h">
      <Filter>헤더 파일</Filter>
    </ClInclude>
    <ClInclude Include="Drender.h">
      <Filter>헤더 파일</Filter>
    </ClInclude>
  </ItemGroup>
</Project>